
Microsoft Visual Studio Solution File, Format Version 12.00
# Visual Studio Version 16
VisualStudioVersion = 16.0.29409.12
MinimumVisualStudioVersion = 10.0.40219.1
Project("{9A19103F-16F7-4668-BE54-9A1E7A4F7556}") = "DemoLib.lib", "DemoLib.lib.csproj", "{AD5F2E01-F177-4C16-A178-E995646E718A}"
EndProject
Project("{FAE04EC0-301F-11D3-BF4B-00C04F79EFBC}") = "UnitTestProject1", "..\UnitTestProject1\UnitTestProject1.csproj", "{E946B5DE-D4D8-4DFA-A9BB-60C5F43E0463}"
EndProject
Global
	GlobalSection(SolutionConfigurationPlatforms) = preSolution
		Debug|Any CPU = Debug|Any CPU
		Release|Any CPU = Release|Any CPU
	EndGlobalSection
	GlobalSection(ProjectConfigurationPlatforms) = postSolution
		{AD5F2E01-F177-4C16-A178-E995646E718A}.Debug|Any CPU.ActiveCfg = Debug|Any CPU
		{AD5F2E01-F177-4C16-A178-E995646E718A}.Debug|Any CPU.Build.0 = Debug|Any CPU
		{AD5F2E01-F177-4C16-A178-E995646E718A}.Release|Any CPU.ActiveCfg = Release|Any CPU
		{AD5F2E01-F177-4C16-A178-E995646E718A}.Release|Any CPU.Build.0 = Release|Any CPU
		{E946B5DE-D4D8-4DFA-A9BB-60C5F43E0463}.Debug|Any CPU.ActiveCfg = Debug|Any CPU
		{E946B5DE-D4D8-4DFA-A9BB-60C5F43E0463}.Debug|Any CPU.Build.0 = Debug|Any CPU
		{E946B5DE-D4D8-4DFA-A9BB-60C5F43E0463}.Release|Any CPU.ActiveCfg = Release|Any CPU
		{E946B5DE-D4D8-4DFA-A9BB-60C5F43E0463}.Release|Any CPU.Build.0 = Release|Any CPU
	EndGlobalSection
	GlobalSection(SolutionProperties) = preSolution
		HideSolutionNode = FALSE
	EndGlobalSection
	GlobalSection(ExtensibilityGlobals) = postSolution
		SolutionGuid = {6A8059B1-3105-4763-8130-33A0AB89A006}
	EndGlobalSection
EndGlobal
